
Microsoft Visual Studio Solution File, Format Version 12.00
# Visual Studio Version 16
VisualStudioVersion = 16.0.30011.22
MinimumVisualStudioVersion = 10.0.40219.1
Project("{FAE04EC0-301F-11D3-BF4B-00C04F79EFBC}") = "16052020", "16052020\16052020.csproj", "{AEDC5482-5BB4-4D9C-A893-A19A480EEBD9}"
EndProject
Project("{FAE04EC0-301F-11D3-BF4B-00C04F79EFBC}") = "1605_2", "1605_2\1605_2.csproj", "{118960CC-0D15-41B9-BDC9-301E3885E6F9}"
EndProject
Global
	GlobalSection(SolutionConfigurationPlatforms) = preSolution
		Debug|Any CPU = Debug|Any CPU
		Release|Any CPU = Release|Any CPU
	EndGlobalSection
	GlobalSection(ProjectConfigurationPlatforms) = postSolution
		{AEDC5482-5BB4-4D9C-A893-A19A480EEBD9}.Debug|Any CPU.ActiveCfg = Debug|Any CPU
		{AEDC5482-5BB4-4D9C-A893-A19A480EEBD9}.Debug|Any CPU.Build.0 = Debug|Any CPU
		{AEDC5482-5BB4-4D9C-A893-A19A480EEBD9}.Release|Any CPU.ActiveCfg = Release|Any CPU
		{AEDC5482-5BB4-4D9C-A893-A19A480EEBD9}.Release|Any CPU.Build.0 = Release|Any CPU
		{118960CC-0D15-41B9-BDC9-301E3885E6F9}.Debug|Any CPU.ActiveCfg = Debug|Any CPU
		{118960CC-0D15-41B9-BDC9-301E3885E6F9}.Debug|Any CPU.Build.0 = Debug|Any CPU
		{118960CC-0D15-41B9-BDC9-301E3885E6F9}.Release|Any CPU.ActiveCfg = Release|Any CPU
		{118960CC-0D15-41B9-BDC9-301E3885E6F9}.Release|Any CPU.Build.0 = Release|Any CPU
	EndGlobalSection
	GlobalSection(SolutionProperties) = preSolution
		HideSolutionNode = FALSE
	EndGlobalSection
	GlobalSection(ExtensibilityGlobals) = postSolution
		SolutionGuid = {1AEC51F7-8D73-4CFE-A57D-415F282873EC}
	EndGlobalSection
EndGlobal
