
Microsoft Visual Studio Solution File, Format Version 12.00
# Visual Studio Version 16
VisualStudioVersion = 16.0.29920.165
MinimumVisualStudioVersion = 10.0.40219.1
Project("{FAE04EC0-301F-11D3-BF4B-00C04F79EFBC}") = "11042020", "11042020\11042020.csproj", "{94B3D048-A0FF-4BC2-8583-7357E6C3AEA3}"
EndProject
Global
	GlobalSection(SolutionConfigurationPlatforms) = preSolution
		Debug|Any CPU = Debug|Any CPU
		Release|Any CPU = Release|Any CPU
	EndGlobalSection
	GlobalSection(ProjectConfigurationPlatforms) = postSolution
		{94B3D048-A0FF-4BC2-8583-7357E6C3AEA3}.Debug|Any CPU.ActiveCfg = Debug|Any CPU
		{94B3D048-A0FF-4BC2-8583-7357E6C3AEA3}.Debug|Any CPU.Build.0 = Debug|Any CPU
		{94B3D048-A0FF-4BC2-8583-7357E6C3AEA3}.Release|Any CPU.ActiveCfg = Release|Any CPU
		{94B3D048-A0FF-4BC2-8583-7357E6C3AEA3}.Release|Any CPU.Build.0 = Release|Any CPU
	EndGlobalSection
	GlobalSection(SolutionProperties) = preSolution
		HideSolutionNode = FALSE
	EndGlobalSection
	GlobalSection(ExtensibilityGlobals) = postSolution
		SolutionGuid = {F37E21F9-ADA5-4C39-9D33-78F905FA9621}
	EndGlobalSection
EndGlobal
