
Microsoft Visual Studio Solution File, Format Version 12.00
# Visual Studio Version 16
VisualStudioVersion = 16.0.30011.22
MinimumVisualStudioVersion = 10.0.40219.1
Project("{FAE04EC0-301F-11D3-BF4B-00C04F79EFBC}") = "11072020", "11072020\11072020.csproj", "{755F53E6-6B18-4961-8608-0A1C6497B10E}"
EndProject
Global
	GlobalSection(SolutionConfigurationPlatforms) = preSolution
		Debug|Any CPU = Debug|Any CPU
		Release|Any CPU = Release|Any CPU
	EndGlobalSection
	GlobalSection(ProjectConfigurationPlatforms) = postSolution
		{755F53E6-6B18-4961-8608-0A1C6497B10E}.Debug|Any CPU.ActiveCfg = Debug|Any CPU
		{755F53E6-6B18-4961-8608-0A1C6497B10E}.Debug|Any CPU.Build.0 = Debug|Any CPU
		{755F53E6-6B18-4961-8608-0A1C6497B10E}.Release|Any CPU.ActiveCfg = Release|Any CPU
		{755F53E6-6B18-4961-8608-0A1C6497B10E}.Release|Any CPU.Build.0 = Release|Any CPU
	EndGlobalSection
	GlobalSection(SolutionProperties) = preSolution
		HideSolutionNode = FALSE
	EndGlobalSection
	GlobalSection(ExtensibilityGlobals) = postSolution
		SolutionGuid = {AD644696-BB2E-4A5E-8988-46C82CA93E9E}
	EndGlobalSection
EndGlobal
